// !$*UTF8*$!
{
	archiveVersion = 1;
	classes = {
	};
	objectVersion = 50;
	objects = {

/* Begin PBXBuildFile section */
		197F3C692564F71100D83532 /* AppDelegate.swift in Sources */ = {isa = PBXBuildFile; fileRef = 197F3C682564F71100D83532 /* AppDelegate.swift */; };
		197F3C6B2564F71100D83532 /* SceneDelegate.swift in Sources */ = {isa = PBXBuildFile; fileRef = 197F3C6A2564F71100D83532 /* SceneDelegate.swift */; };
		197F3C6D2564F71100D83532 /* ViewController.swift in Sources */ = {isa = PBXBuildFile; fileRef = 197F3C6C2564F71100D83532 /* ViewController.swift */; };
		197F3C702564F71100D83532 /* Main.storyboard in Resources */ = {isa = PBXBuildFile; fileRef = 197F3C6E2564F71100D83532 /* Main.storyboard */; };
		197F3C722564F71600D83532 /* Assets.xcassets in Resources */ = {isa = PBXBuildFile; fileRef = 197F3C712564F71600D83532 /* Assets.xcassets */; };
		197F3C752564F71600D83532 /* LaunchScreen.storyboard in Resources */ = {isa = PBXBuildFile; fileRef = 197F3C732564F71600D83532 /* LaunchScreen.storyboard */; };
		197F3C7E2564F72D00D83532 /* User.swift in Sources */ = {isa = PBXBuildFile; fileRef = 197F3C7D2564F72D00D83532 /* User.swift */; };
/* End PBXBuildFile section */

/* Begin PBXFileReference section */
		197F3C652564F71100D83532 /* KVC.app */ = {isa = PBXFileReference; explicitFileType = wrapper.application; includeInIndex = 0; path = KVC.app; sourceTree = BUILT_PRODUCTS_DIR; };
		197F3C682564F71100D83532 /* AppDelegate.swift */ = {isa = PBXFileReference; lastKnownFileType = sourcecode.swift; path = AppDelegate.swift; sourceTree = "<group>"; };
		197F3C6A2564F71100D83532 /* SceneDelegate.swift */ = {isa = PBXFileReference; lastKnownFileType = sourcecode.swift; path = SceneDelegate.swift; sourceTree = "<group>"; };
		197F3C6C2564F71100D83532 /* ViewController.swift */ = {isa = PBXFileReference; lastKnownFileType = sourcecode.swift; path = ViewController.swift; sourceTree = "<group>"; };
		197F3C6F2564F71100D83532 /* Base */ = {isa = PBXFileReference; lastKnownFileType = file.storyboard; name = Base; path = Base.lproj/Main.storyboard; sourceTree = "<group>"; };
		197F3C712564F71600D83532 /* Assets.xcassets */ = {isa = PBXFileReference; lastKnownFileType = folder.assetcatalog; path = Assets.xcassets; sourceTree = "<group>"; };
		197F3C742564F71600D83532 /* Base */ = {isa = PBXFileReference; lastKnownFileType = file.storyboard; name = Base; path = Base.lproj/LaunchScreen.storyboard; sourceTree = "<group>"; };
		197F3C762564F71600D83532 /* Info.plist */ = {isa = PBXFileReference; lastKnownFileType = text.plist.xml; path = Info.plist; sourceTree = "<group>"; };
		197F3C7D2564F72D00D83532 /* User.swift */ = {isa = PBXFileReference; lastKnownFileType = sourcecode.swift; path = User.swift; sourceTree = "<group>"; };
/* End PBXFileReference section */

/* Begin PBXFrameworksBuildPhase section */
		197F3C622564F71100D83532 /* Frameworks */ = {
			isa = PBXFrameworksBuildPhase;
			buildActionMask = 2147483647;
			files = (
			);
			runOnlyForDeploymentPostprocessing = 0;
		};
/* End PBXFrameworksBuildPhase section */

/* Begin PBXGroup section */
		197F3C5C2564F71100D83532 = {
			isa = PBXGroup;
			children = (
				197F3C672564F71100D83532 /* KVC */,
				197F3C662564F71100D83532 /* Products */,
			);
			sourceTree = "<group>";
		};
		197F3C662564F71100D83532 /* Products */ = {
			isa = PBXGroup;
			children = (
				197F3C652564F71100D83532 /* KVC.app */,
			);
			name = Products;
			sourceTree = "<group>";
		};
		197F3C672564F71100D83532 /* KVC */ = {
			isa = PBXGroup;
			children = (
				197F3C682564F71100D83532 /* AppDelegate.swift */,
				197F3C6A2564F71100D83532 /* SceneDelegate.swift */,
				197F3C6C2564F71100D83532 /* ViewController.swift */,
				197F3C7D2564F72D00D83532 /* User.swift */,
				197F3C6E2564F71100D83532 /* Main.storyboard */,
				197F3C712564F71600D83532 /* Assets.xcassets */,
				197F3C732564F71600D83532 /* LaunchScreen.storyboard */,
				197F3C762564F71600D83532 /* Info.plist */,
			);
			path = KVC;
			sourceTree = "<group>";
		};
/* End PBXGroup section */

/* Begin PBXNativeTarget section */
		197F3C642564F71100D83532 /* KVC */ = {
			isa = PBXNativeTarget;
			buildConfigurationList = 197F3C792564F71600D83532 /* Build configuration list for PBXNativeTarget "KVC" */;
			buildPhases = (
				197F3C612564F71100D83532 /* Sources */,
				197F3C622564F71100D83532 /* Frameworks */,
				197F3C632564F71100D83532 /* Resources */,
			);
			buildRules = (
			);
			dependencies = (
			);
			name = KVC;
			productName = KVC;
			productReference = 197F3C652564F71100D83532 /* KVC.app */;
			productType = "com.apple.product-type.application";
		};
/* End PBXNativeTarget section */

/* Begin PBXProject section */
		197F3C5D2564F71100D83532 /* Project object */ = {
			isa = PBXProject;
			attributes = {
				LastSwiftUpdateCheck = 1220;
				LastUpgradeCheck = 1220;
				TargetAttributes = {
					197F3C642564F71100D83532 = {
						CreatedOnToolsVersion = 12.2;
					};
				};
			};
			buildConfigurationList = 197F3C602564F71100D83532 /* Build configuration list for PBXProject "KVC" */;
			compatibilityVersion = "Xcode 9.3";
			developmentRegion = en;
			hasScannedForEncodings = 0;
			knownRegions = (
				en,
				Base,
			);
			mainGroup = 197F3C5C2564F71100D83532;
			productRefGroup = 197F3C662564F71100D83532 /* Products */;
			projectDirPath = "";
			projectRoot = "";
			targets = (
				197F3C642564F71100D83532 /* KVC */,
			);
		};
/* End PBXProject section */

/* Begin PBXResourcesBuildPhase section */
		197F3C632564F71100D83532 /* Resources */ = {
			isa = PBXResourcesBuildPhase;
			buildActionMask = 2147483647;
			files = (
				197F3C752564F71600D83532 /* LaunchScreen.storyboard in Resources */,
				197F3C722564F71600D83532 /* Assets.xcassets in Resources */,
				197F3C702564F71100D83532 /* Main.storyboard in Resources */,
			);
			runOnlyForDeploymentPostprocessing = 0;
		};
/* End PBXResourcesBuildPhase section */

/* Begin PBXSourcesBuildPhase section */
		197F3C612564F71100D83532 /* Sources */ = {
			isa = PBXSourcesBuildPhase;
			buildActionMask = 2147483647;
			files = (
				197F3C7E2564F72D00D83532 /* User.swift in Sources */,
				197F3C6D2564F71100D83532 /* ViewController.swift in Sources */,
				197F3C692564F71100D83532 /* AppDelegate.swift in Sources */,
				197F3C6B2564F71100D83532 /* SceneDelegate.swift in Sources */,
			);
			runOnlyForDeploymentPostprocessing = 0;
		};
/* End PBXSourcesBuildPhase section */

/* Begin PBXVariantGroup section */
		197F3C6E2564F71100D83532 /* Main.storyboard */ = {
			isa = PBXVariantGroup;
			children = (
				197F3C6F2564F71100D83532 /* Base */,
			);
			name = Main.storyboard;
			sourceTree = "<group>";
		};
		197F3C732564F71600D83532 /* LaunchScreen.storyboard */ = {
			isa = PBXVariantGroup;
			children = (
				197F3C742564F71600D83532 /* Base */,
			);
			name = LaunchScreen.storyboard;
			sourceTree = "<group>";
		};
/* End PBXVariantGroup section */

/* Begin XCBuildConfiguration section */
		197F3C772564F71600D83532 /* Debug */ = {
			isa = XCBuildConfiguration;
			buildSettings = {
				ALWAYS_SEARCH_USER_PATHS = NO;
				CLANG_ANALYZER_NONNULL = YES;
				CLANG_ANALYZER_NUMBER_OBJECT_CONVERSION = YES_AGGRESSIVE;
				CLANG_CXX_LANGUAGE_STANDARD = "gnu++14";
				CLANG_CXX_LIBRARY = "libc++";
				CLANG_ENABLE_MODULES = YES;
				CLANG_ENABLE_OBJC_ARC = YES;
				CLANG_ENABLE_OBJC_WEAK = YES;
				CLANG_WARN_BLOCK_CAPTURE_AUTORELEASING = YES;
				CLANG_WARN_BOOL_CONVERSION = YES;
				CLANG_WARN_COMMA = YES;
				CLANG_WARN_CONSTANT_CONVERSION = YES;
				CLANG_WARN_DEPRECATED_OBJC_IMPLEMENTATIONS = YES;
				CLANG_WARN_DIRECT_OBJC_ISA_USAGE = YES_ERROR;
				CLANG_WARN_DOCUMENTATION_COMMENTS = YES;
				CLANG_WARN_EMPTY_BODY = YES;
				CLANG_WARN_ENUM_CONVERSION = YES;
				CLANG_WARN_INFINITE_RECURSION = YES;
				CLANG_WARN_INT_CONVERSION = YES;
				CLANG_WARN_NON_LITERAL_NULL_CONVERSION = YES;
				CLANG_WARN_OBJC_IMPLICIT_RETAIN_SELF = YES;
				CLANG_WARN_OBJC_LITERAL_CONVERSION = YES;
				CLANG_WARN_OBJC_ROOT_CLASS = YES_ERROR;
				CLANG_WARN_QUOTED_INCLUDE_IN_FRAMEWORK_HEADER = YES;
				CLANG_WARN_RANGE_LOOP_ANALYSIS = YES;
				CLANG_WARN_STRICT_PROTOTYPES = YES;
				CLANG_WARN_SUSPICIOUS_MOVE = YES;
				CLANG_WARN_UNGUARDED_AVAILABILITY = YES_AGGRESSIVE;
				CLANG_WARN_UNREACHABLE_CODE = YES;
				CLANG_WARN__DUPLICATE_METHOD_MATCH = YES;
				COPY_PHASE_STRIP = NO;
				DEBUG_INFORMATION_FORMAT = dwarf;
				ENABLE_STRICT_OBJC_MSGSEND = YES;
				ENABLE_TESTABILITY = YES;
				GCC_C_LANGUAGE_STANDARD = gnu11;
				GCC_DYNAMIC_NO_PIC = NO;
				GCC_NO_COMMON_BLOCKS = YES;
				GCC_OPTIMIZATION_LEVEL = 0;
				GCC_PREPROCESSOR_DEFINITIONS = (
					"DEBUG=1",
					"$(inherited)",
				);
				GCC_WARN_64_TO_32_BIT_CONVERSION = YES;
				GCC_WARN_ABOUT_RETURN_TYPE = YES_ERROR;
				GCC_WARN_UNDECLARED_SELECTOR = YES;
				GCC_WARN_UNINITIALIZED_AUTOS = YES_AGGRESSIVE;
				GCC_WARN_UNUSED_FUNCTION = YES;
				GCC_WARN_UNUSED_VARIABLE = YES;
				IPHONEOS_DEPLOYMENT_TARGET = 14.2;
				MTL_ENABLE_DEBUG_INFO = INCLUDE_SOURCE;
				MTL_FAST_MATH = YES;
				ONLY_ACTIVE_ARCH = YES;
				SDKROOT = iphoneos;
				SWIFT_ACTIVE_COMPILATION_CONDITIONS = DEBUG;
				SWIFT_OPTIMIZATION_LEVEL = "-Onone";
			};
			name = Debug;
		};
		197F3C782564F71600D83532 /* Release */ = {
			isa = XCBuildConfiguration;
			buildSettings = {
				ALWAYS_SEARCH_USER_PATHS = NO;
				CLANG_ANALYZER_NONNULL = YES;
				CLANG_ANALYZER_NUMBER_OBJECT_CONVERSION = YES_AGGRESSIVE;
				CLANG_CXX_LANGUAGE_STANDARD = "gnu++14";
				CLANG_CXX_LIBRARY = "libc++";
				CLANG_ENABLE_MODULES = YES;
				CLANG_ENABLE_OBJC_ARC = YES;
				CLANG_ENABLE_OBJC_WEAK = YES;
				CLANG_WARN_BLOCK_CAPTURE_AUTORELEASING = YES;
				CLANG_WARN_BOOL_CONVERSION = YES;
				CLANG_WARN_COMMA = YES;
				CLANG_WARN_CONSTANT_CONVERSION = YES;
				CLANG_WARN_DEPRECATED_OBJC_IMPLEMENTATIONS = YES;
				CLANG_WARN_DIRECT_OBJC_ISA_USAGE = YES_ERROR;
				CLANG_WARN_DOCUMENTATION_COMMENTS = YES;
				CLANG_WARN_EMPTY_BODY = YES;
				CLANG_WARN_ENUM_CONVERSION = YES;
				CLANG_WARN_INFINITE_RECURSION = YES;
				CLANG_WARN_INT_CONVERSION = YES;
				CLANG_WARN_NON_LITERAL_NULL_CONVERSION = YES;
				CLANG_WARN_OBJC_IMPLICIT_RETAIN_SELF = YES;
				CLANG_WARN_OBJC_LITERAL_CONVERSION = YES;
				CLANG_WARN_OBJC_ROOT_CLASS = YES_ERROR;
				CLANG_WARN_QUOTED_INCLUDE_IN_FRAMEWORK_HEADER = YES;
				CLANG_WARN_RANGE_LOOP_ANALYSIS = YES;
				CLANG_WARN_STRICT_PROTOTYPES = YES;
				CLANG_WARN_SUSPICIOUS_MOVE = YES;
				CLANG_WARN_UNGUARDED_AVAILABILITY = YES_AGGRESSIVE;
				CLANG_WARN_UNREACHABLE_CODE = YES;
				CLANG_WARN__DUPLICATE_METHOD_MATCH = YES;
				COPY_PHASE_STRIP = NO;
				DEBUG_INFORMATION_FORMAT = "dwarf-with-dsym";
				ENABLE_NS_ASSERTIONS = NO;
				ENABLE_STRICT_OBJC_MSGSEND = YES;
				GCC_C_LANGUAGE_STANDARD = gnu11;
				GCC_NO_COMMON_BLOCKS = YES;
				GCC_WARN_64_TO_32_BIT_CONVERSION = YES;
				GCC_WARN_ABOUT_RETURN_TYPE = YES_ERROR;
				GCC_WARN_UNDECLARED_SELECTOR = YES;
				GCC_WARN_UNINITIALIZED_AUTOS = YES_AGGRESSIVE;
				GCC_WARN_UNUSED_FUNCTION = YES;
				GCC_WARN_UNUSED_VARIABLE = YES;
				IPHONEOS_DEPLOYMENT_TARGET = 14.2;
				MTL_ENABLE_DEBUG_INFO = NO;
				MTL_FAST_MATH = YES;
				SDKROOT = iphoneos;
				SWIFT_COMPILATION_MODE = wholemodule;
				SWIFT_OPTIMIZATION_LEVEL = "-O";
				VALIDATE_PRODUCT = YES;
			};
			name = Release;
		};
		197F3C7A2564F71600D83532 /* Debug */ = {
			isa = XCBuildConfiguration;
			buildSettings = {
				ASSETCATALOG_COMPILER_APPICON_NAME = AppIcon;
				ASSETCATALOG_COMPILER_GLOBAL_ACCENT_COLOR_NAME = AccentColor;
				CODE_SIGN_STYLE = Automatic;
				DEVELOPMENT_TEAM = TQU76263MV;
				INFOPLIST_FILE = KVC/Info.plist;
				LD_RUNPATH_SEARCH_PATHS = (
					"$(inherited)",
					"@executable_path/Frameworks",
				);
				PRODUCT_BUNDLE_IDENTIFIER = com.damirLutfullin.KVC;
				PRODUCT_NAME = "$(TARGET_NAME)";
				SWIFT_VERSION = 5.0;
				TARGETED_DEVICE_FAMILY = "1,2";
			};
			name = Debug;
		};
		197F3C7B2564F71600D83532 /* Release */ = {
			isa = XCBuildConfiguration;
			buildSettings = {
				ASSETCATALOG_COMPILER_APPICON_NAME = AppIcon;
				ASSETCATALOG_COMPILER_GLOBAL_ACCENT_COLOR_NAME = AccentColor;
				CODE_SIGN_STYLE = Automatic;
				DEVELOPMENT_TEAM = TQU76263MV;
				INFOPLIST_FILE = KVC/Info.plist;
				LD_RUNPATH_SEARCH_PATHS = (
					"$(inherited)",
					"@executable_path/Frameworks",
				);
				PRODUCT_BUNDLE_IDENTIFIER = com.damirLutfullin.KVC;
				PRODUCT_NAME = "$(TARGET_NAME)";
				SWIFT_VERSION = 5.0;
				TARGETED_DEVICE_FAMILY = "1,2";
			};
			name = Release;
		};
/* End XCBuildConfiguration section */

/* Begin XCConfigurationList section */
		197F3C602564F71100D83532 /* Build configuration list for PBXProject "KVC" */ = {
			isa = XCConfigurationList;
			buildConfigurations = (
				197F3C772564F71600D83532 /* Debug */,
				197F3C782564F71600D83532 /* Release */,
			);
			defaultConfigurationIsVisible = 0;
			defaultConfigurationName = Release;
		};
		197F3C792564F71600D83532 /* Build configuration list for PBXNativeTarget "KVC" */ = {
			isa = XCConfigurationList;
			buildConfigurations = (
				197F3C7A2564F71600D83532 /* Debug */,
				197F3C7B2564F71600D83532 /* Release */,
			);
			defaultConfigurationIsVisible = 0;
			defaultConfigurationName = Release;
		};
/* End XCConfigurationList section */
	};
	rootObject = 197F3C5D2564F71100D83532 /* Project object */;
}
